
Microsoft Visual Studio Solution File, Format Version 12.00
# Visual Studio Version 17
VisualStudioVersion = 17.3.32929.385
MinimumVisualStudioVersion = 10.0.40219.1
Project("{9A19103F-16F7-4668-BE54-9A1E7A4F7556}") = "HW2", "HW2\HW2.csproj", "{0963D73C-45D6-48B1-A79F-6E9881FD6986}"
EndProject
Project("{9A19103F-16F7-4668-BE54-9A1E7A4F7556}") = "HW3", "HW3\HW3.csproj", "{338E0AA4-9132-4B7A-AB03-31E78F707606}"
EndProject
Project("{FAE04EC0-301F-11D3-BF4B-00C04F79EFBC}") = "HW4", "HW4\HW4.csproj", "{DACE7232-3461-4985-BAA0-9833EDC2016E}"
EndProject
Global
	GlobalSection(SolutionConfigurationPlatforms) = preSolution
		Debug|Any CPU = Debug|Any CPU
		Release|Any CPU = Release|Any CPU
	EndGlobalSection
	GlobalSection(ProjectConfigurationPlatforms) = postSolution
		{0963D73C-45D6-48B1-A79F-6E9881FD6986}.Debug|Any CPU.ActiveCfg = Debug|Any CPU
		{0963D73C-45D6-48B1-A79F-6E9881FD6986}.Debug|Any CPU.Build.0 = Debug|Any CPU
		{0963D73C-45D6-48B1-A79F-6E9881FD6986}.Release|Any CPU.ActiveCfg = Release|Any CPU
		{0963D73C-45D6-48B1-A79F-6E9881FD6986}.Release|Any CPU.Build.0 = Release|Any CPU
		{338E0AA4-9132-4B7A-AB03-31E78F707606}.Debug|Any CPU.ActiveCfg = Debug|Any CPU
		{338E0AA4-9132-4B7A-AB03-31E78F707606}.Debug|Any CPU.Build.0 = Debug|Any CPU
		{338E0AA4-9132-4B7A-AB03-31E78F707606}.Release|Any CPU.ActiveCfg = Release|Any CPU
		{338E0AA4-9132-4B7A-AB03-31E78F707606}.Release|Any CPU.Build.0 = Release|Any CPU
		{DACE7232-3461-4985-BAA0-9833EDC2016E}.Debug|Any CPU.ActiveCfg = Debug|Any CPU
		{DACE7232-3461-4985-BAA0-9833EDC2016E}.Debug|Any CPU.Build.0 = Debug|Any CPU
		{DACE7232-3461-4985-BAA0-9833EDC2016E}.Release|Any CPU.ActiveCfg = Release|Any CPU
		{DACE7232-3461-4985-BAA0-9833EDC2016E}.Release|Any CPU.Build.0 = Release|Any CPU
	EndGlobalSection
	GlobalSection(SolutionProperties) = preSolution
		HideSolutionNode = FALSE
	EndGlobalSection
	GlobalSection(ExtensibilityGlobals) = postSolution
		SolutionGuid = {80BF4AE4-3D63-4A92-8D57-B532C48FC316}
	EndGlobalSection
EndGlobal
